
Microsoft Visual Studio Solution File, Format Version 12.00
# Visual Studio Version 16
VisualStudioVersion = 16.0.30717.126
MinimumVisualStudioVersion = 10.0.40219.1
Project("{FAE04EC0-301F-11D3-BF4B-00C04F79EFBC}") = "OOAPProject", "OOAPProject\OOAPProject.csproj", "{D5862A47-170C-48E2-8F8A-5F169B1CAB32}"
EndProject
Global
	GlobalSection(SolutionConfigurationPlatforms) = preSolution
		Debug|Any CPU = Debug|Any CPU
		Release|Any CPU = Release|Any CPU
	EndGlobalSection
	GlobalSection(ProjectConfigurationPlatforms) = postSolution
		{D5862A47-170C-48E2-8F8A-5F169B1CAB32}.Debug|Any CPU.ActiveCfg = Debug|Any CPU
		{D5862A47-170C-48E2-8F8A-5F169B1CAB32}.Debug|Any CPU.Build.0 = Debug|Any CPU
		{D5862A47-170C-48E2-8F8A-5F169B1CAB32}.Release|Any CPU.ActiveCfg = Release|Any CPU
		{D5862A47-170C-48E2-8F8A-5F169B1CAB32}.Release|Any CPU.Build.0 = Release|Any CPU
	EndGlobalSection
	GlobalSection(SolutionProperties) = preSolution
		HideSolutionNode = FALSE
	EndGlobalSection
	GlobalSection(ExtensibilityGlobals) = postSolution
		SolutionGuid = {73F132F4-E3B6-4F07-8D32-59E58127F4CC}
	EndGlobalSection
EndGlobal
